
Microsoft Visual Studio Solution File, Format Version 12.00
# Visual Studio Version 17
VisualStudioVersion = 17.9.34607.119
MinimumVisualStudioVersion = 10.0.40219.1
Project("{FAE04EC0-301F-11D3-BF4B-00C04F79EFBC}") = "FirstProject.API", "FirstProject.API\FirstProject.API.csproj", "{28D56C80-72D7-4E0A-A2FB-E645B92425DF}"
EndProject
Global
	GlobalSection(SolutionConfigurationPlatforms) = preSolution
		Debug|Any CPU = Debug|Any CPU
		Release|Any CPU = Release|Any CPU
	EndGlobalSection
	GlobalSection(ProjectConfigurationPlatforms) = postSolution
		{28D56C80-72D7-4E0A-A2FB-E645B92425DF}.Debug|Any CPU.ActiveCfg = Debug|Any CPU
		{28D56C80-72D7-4E0A-A2FB-E645B92425DF}.Debug|Any CPU.Build.0 = Debug|Any CPU
		{28D56C80-72D7-4E0A-A2FB-E645B92425DF}.Release|Any CPU.ActiveCfg = Release|Any CPU
		{28D56C80-72D7-4E0A-A2FB-E645B92425DF}.Release|Any CPU.Build.0 = Release|Any CPU
	EndGlobalSection
	GlobalSection(SolutionProperties) = preSolution
		HideSolutionNode = FALSE
	EndGlobalSection
	GlobalSection(ExtensibilityGlobals) = postSolution
		SolutionGuid = {C5D60B7D-7102-44BD-8618-C5AA153109F8}
	EndGlobalSection
EndGlobal
